
Microsoft Visual Studio Solution File, Format Version 12.00
# Visual Studio 15
VisualStudioVersion = 15.0.27004.2005
MinimumVisualStudioVersion = 10.0.40219.1
Project("{FAE04EC0-301F-11D3-BF4B-00C04F79EFBC}") = "WinCalculation", "WinCalculation\WinCalculation.csproj", "{7AD1A037-88F9-435D-9FA6-0DB319B018FD}"
EndProject
Global
	GlobalSection(SolutionConfigurationPlatforms) = preSolution
		Debug|Any CPU = Debug|Any CPU
		Release|Any CPU = Release|Any CPU
	EndGlobalSection
	GlobalSection(ProjectConfigurationPlatforms) = postSolution
		{7AD1A037-88F9-435D-9FA6-0DB319B018FD}.Debug|Any CPU.ActiveCfg = Debug|Any CPU
		{7AD1A037-88F9-435D-9FA6-0DB319B018FD}.Debug|Any CPU.Build.0 = Debug|Any CPU
		{7AD1A037-88F9-435D-9FA6-0DB319B018FD}.Release|Any CPU.ActiveCfg = Release|Any CPU
		{7AD1A037-88F9-435D-9FA6-0DB319B018FD}.Release|Any CPU.Build.0 = Release|Any CPU
	EndGlobalSection
	GlobalSection(SolutionProperties) = preSolution
		HideSolutionNode = FALSE
	EndGlobalSection
	GlobalSection(ExtensibilityGlobals) = postSolution
		SolutionGuid = {730E2802-75BB-46CB-9CCA-6C7472547AE1}
	EndGlobalSection
EndGlobal
